
Microsoft Visual Studio Solution File, Format Version 12.00
# Visual Studio Version 16
VisualStudioVersion = 16.0.31019.35
MinimumVisualStudioVersion = 10.0.40219.1
Project("{9A19103F-16F7-4668-BE54-9A1E7A4F7556}") = "PyzaFinder", "PyzaFinder\PyzaFinder.csproj", "{79A0DED4-167D-48DA-B317-279A2FA07C4B}"
EndProject
Global
	GlobalSection(SolutionConfigurationPlatforms) = preSolution
		Debug|Any CPU = Debug|Any CPU
		Release|Any CPU = Release|Any CPU
	EndGlobalSection
	GlobalSection(ProjectConfigurationPlatforms) = postSolution
		{79A0DED4-167D-48DA-B317-279A2FA07C4B}.Debug|Any CPU.ActiveCfg = Debug|Any CPU
		{79A0DED4-167D-48DA-B317-279A2FA07C4B}.Debug|Any CPU.Build.0 = Debug|Any CPU
		{79A0DED4-167D-48DA-B317-279A2FA07C4B}.Release|Any CPU.ActiveCfg = Release|Any CPU
		{79A0DED4-167D-48DA-B317-279A2FA07C4B}.Release|Any CPU.Build.0 = Release|Any CPU
	EndGlobalSection
	GlobalSection(SolutionProperties) = preSolution
		HideSolutionNode = FALSE
	EndGlobalSection
	GlobalSection(ExtensibilityGlobals) = postSolution
		SolutionGuid = {05BAC797-5C8A-42B4-B15A-0007D0032736}
	EndGlobalSection
EndGlobal
